
Microsoft Visual Studio Solution File, Format Version 12.00
# Visual Studio Version 17
VisualStudioVersion = 17.8.34511.84
MinimumVisualStudioVersion = 10.0.40219.1
Project("{9A19103F-16F7-4668-BE54-9A1E7A4F7556}") = "TCPServer", "ConsoleApp1\TCPServer.csproj", "{B18280B0-12D4-48B4-96F6-50D529BD8557}"
EndProject
Project("{FAE04EC0-301F-11D3-BF4B-00C04F79EFBC}") = "TCPClient", "TCPClient\TCPClient.csproj", "{5F5D87E7-E0D9-4A1E-BDA2-1BCA75FDD61C}"
EndProject
Project("{FAE04EC0-301F-11D3-BF4B-00C04F79EFBC}") = "UDPServer", "UDPServer\UDPServer.csproj", "{6C87396D-82CC-4800-873D-941396849307}"
EndProject
Project("{FAE04EC0-301F-11D3-BF4B-00C04F79EFBC}") = "UDPClient", "UDPClient\UDPClient.csproj", "{2DB1544D-BBC6-45B0-8BEC-A9FBE1A38439}"
EndProject
Global
	GlobalSection(SolutionConfigurationPlatforms) = preSolution
		Debug|Any CPU = Debug|Any CPU
		Release|Any CPU = Release|Any CPU
	EndGlobalSection
	GlobalSection(ProjectConfigurationPlatforms) = postSolution
		{B18280B0-12D4-48B4-96F6-50D529BD8557}.Debug|Any CPU.ActiveCfg = Debug|Any CPU
		{B18280B0-12D4-48B4-96F6-50D529BD8557}.Debug|Any CPU.Build.0 = Debug|Any CPU
		{B18280B0-12D4-48B4-96F6-50D529BD8557}.Release|Any CPU.ActiveCfg = Release|Any CPU
		{B18280B0-12D4-48B4-96F6-50D529BD8557}.Release|Any CPU.Build.0 = Release|Any CPU
		{5F5D87E7-E0D9-4A1E-BDA2-1BCA75FDD61C}.Debug|Any CPU.ActiveCfg = Debug|Any CPU
		{5F5D87E7-E0D9-4A1E-BDA2-1BCA75FDD61C}.Debug|Any CPU.Build.0 = Debug|Any CPU
		{5F5D87E7-E0D9-4A1E-BDA2-1BCA75FDD61C}.Release|Any CPU.ActiveCfg = Release|Any CPU
		{5F5D87E7-E0D9-4A1E-BDA2-1BCA75FDD61C}.Release|Any CPU.Build.0 = Release|Any CPU
		{6C87396D-82CC-4800-873D-941396849307}.Debug|Any CPU.ActiveCfg = Debug|Any CPU
		{6C87396D-82CC-4800-873D-941396849307}.Debug|Any CPU.Build.0 = Debug|Any CPU
		{6C87396D-82CC-4800-873D-941396849307}.Release|Any CPU.ActiveCfg = Release|Any CPU
		{6C87396D-82CC-4800-873D-941396849307}.Release|Any CPU.Build.0 = Release|Any CPU
		{2DB1544D-BBC6-45B0-8BEC-A9FBE1A38439}.Debug|Any CPU.ActiveCfg = Debug|Any CPU
		{2DB1544D-BBC6-45B0-8BEC-A9FBE1A38439}.Debug|Any CPU.Build.0 = Debug|Any CPU
		{2DB1544D-BBC6-45B0-8BEC-A9FBE1A38439}.Release|Any CPU.ActiveCfg = Release|Any CPU
		{2DB1544D-BBC6-45B0-8BEC-A9FBE1A38439}.Release|Any CPU.Build.0 = Release|Any CPU
	EndGlobalSection
	GlobalSection(SolutionProperties) = preSolution
		HideSolutionNode = FALSE
	EndGlobalSection
	GlobalSection(ExtensibilityGlobals) = postSolution
		SolutionGuid = {E36EDF73-386C-404D-96C7-E6B782C296CE}
	EndGlobalSection
EndGlobal
