
Microsoft Visual Studio Solution File, Format Version 12.00
# Visual Studio Version 17
VisualStudioVersion = 17.8.34511.84
MinimumVisualStudioVersion = 10.0.40219.1
Project("{FAE04EC0-301F-11D3-BF4B-00C04F79EFBC}") = "WordSorter.Core", "WordSorter.Core\WordSorter.Core.csproj", "{469DD873-96AB-4C47-B8FF-997E51FDB2FF}"
EndProject
Project("{FAE04EC0-301F-11D3-BF4B-00C04F79EFBC}") = "WordSorter.Server", "WordSorter.Server\WordSorter.Server.csproj", "{ECD4BE1C-FB4D-42C3-9E99-7FABC01874FB}"
EndProject
Project("{FAE04EC0-301F-11D3-BF4B-00C04F79EFBC}") = "WordSorter.Client", "WordSorter.Client\WordSorter.Client.csproj", "{28AD64E3-8528-429A-8CDD-D5C9D183AA66}"
EndProject
Project("{2150E333-8FDC-42A3-9474-1A3956D46DE8}") = "WordSorter", "WordSorter", "{D26A1C45-B6D5-4948-9C63-7C5D78385FAE}"
EndProject
Global
	GlobalSection(SolutionConfigurationPlatforms) = preSolution
		Debug|Any CPU = Debug|Any CPU
		Release|Any CPU = Release|Any CPU
	EndGlobalSection
	GlobalSection(ProjectConfigurationPlatforms) = postSolution
		{469DD873-96AB-4C47-B8FF-997E51FDB2FF}.Debug|Any CPU.ActiveCfg = Debug|Any CPU
		{469DD873-96AB-4C47-B8FF-997E51FDB2FF}.Debug|Any CPU.Build.0 = Debug|Any CPU
		{469DD873-96AB-4C47-B8FF-997E51FDB2FF}.Release|Any CPU.ActiveCfg = Release|Any CPU
		{469DD873-96AB-4C47-B8FF-997E51FDB2FF}.Release|Any CPU.Build.0 = Release|Any CPU
		{ECD4BE1C-FB4D-42C3-9E99-7FABC01874FB}.Debug|Any CPU.ActiveCfg = Debug|Any CPU
		{ECD4BE1C-FB4D-42C3-9E99-7FABC01874FB}.Debug|Any CPU.Build.0 = Debug|Any CPU
		{ECD4BE1C-FB4D-42C3-9E99-7FABC01874FB}.Release|Any CPU.ActiveCfg = Release|Any CPU
		{ECD4BE1C-FB4D-42C3-9E99-7FABC01874FB}.Release|Any CPU.Build.0 = Release|Any CPU
		{28AD64E3-8528-429A-8CDD-D5C9D183AA66}.Debug|Any CPU.ActiveCfg = Debug|Any CPU
		{28AD64E3-8528-429A-8CDD-D5C9D183AA66}.Debug|Any CPU.Build.0 = Debug|Any CPU
		{28AD64E3-8528-429A-8CDD-D5C9D183AA66}.Release|Any CPU.ActiveCfg = Release|Any CPU
		{28AD64E3-8528-429A-8CDD-D5C9D183AA66}.Release|Any CPU.Build.0 = Release|Any CPU
	EndGlobalSection
	GlobalSection(SolutionProperties) = preSolution
		HideSolutionNode = FALSE
	EndGlobalSection
	GlobalSection(NestedProjects) = preSolution
		{469DD873-96AB-4C47-B8FF-997E51FDB2FF} = {D26A1C45-B6D5-4948-9C63-7C5D78385FAE}
		{ECD4BE1C-FB4D-42C3-9E99-7FABC01874FB} = {D26A1C45-B6D5-4948-9C63-7C5D78385FAE}
		{28AD64E3-8528-429A-8CDD-D5C9D183AA66} = {D26A1C45-B6D5-4948-9C63-7C5D78385FAE}
	EndGlobalSection
	GlobalSection(ExtensibilityGlobals) = postSolution
		SolutionGuid = {56799C2D-7BEB-4926-9761-CD7B5D625A16}
	EndGlobalSection
EndGlobal
